
Microsoft Visual Studio Solution File, Format Version 12.00
# Visual Studio 15
VisualStudioVersion = 15.0.26430.13
MinimumVisualStudioVersion = 10.0.40219.1
Project("{FAE04EC0-301F-11D3-BF4B-00C04F79EFBC}") = "MyShop.Core", "MyShop.Core\MyShop.Core.csproj", "{B186FBA5-8063-44F5-8207-7A7F82F85251}"
EndProject
Project("{FAE04EC0-301F-11D3-BF4B-00C04F79EFBC}") = "MyShop.Services", "Myshop.Services\MyShop.Services.csproj", "{717E0855-7964-4A9E-9B1B-100950CBAB2B}"
EndProject
Project("{FAE04EC0-301F-11D3-BF4B-00C04F79EFBC}") = "MyShop.DataAccess.SQL", "Myshop.DataAccess.SQL\MyShop.DataAccess.SQL.csproj", "{F59C0ADA-563F-432E-A434-3287DD9FEFC7}"
EndProject
Project("{FAE04EC0-301F-11D3-BF4B-00C04F79EFBC}") = "MyShop.DataAccess.InMemory", "Myshop.DataAccess.InMemory\MyShop.DataAccess.InMemory.csproj", "{D08677F7-5996-465C-9C6F-B529D3775671}"
EndProject
Project("{FAE04EC0-301F-11D3-BF4B-00C04F79EFBC}") = "MyShop.WebUI", "MyShop.WebUI\MyShop.WebUI.csproj", "{6EFF0E5E-0D15-481C-B705-5C98E196D7F2}"
EndProject
Project("{FAE04EC0-301F-11D3-BF4B-00C04F79EFBC}") = "MyShop.WebUI.Tests", "MyShop.WebUI.Tests\MyShop.WebUI.Tests.csproj", "{4F48F41E-9AC7-4300-9094-25B2C438E9A2}"
EndProject
Global
	GlobalSection(SolutionConfigurationPlatforms) = preSolution
		Debug|Any CPU = Debug|Any CPU
		Release|Any CPU = Release|Any CPU
	EndGlobalSection
	GlobalSection(ProjectConfigurationPlatforms) = postSolution
		{B186FBA5-8063-44F5-8207-7A7F82F85251}.Debug|Any CPU.ActiveCfg = Debug|Any CPU
		{B186FBA5-8063-44F5-8207-7A7F82F85251}.Debug|Any CPU.Build.0 = Debug|Any CPU
		{B186FBA5-8063-44F5-8207-7A7F82F85251}.Release|Any CPU.ActiveCfg = Release|Any CPU
		{B186FBA5-8063-44F5-8207-7A7F82F85251}.Release|Any CPU.Build.0 = Release|Any CPU
		{717E0855-7964-4A9E-9B1B-100950CBAB2B}.Debug|Any CPU.ActiveCfg = Debug|Any CPU
		{717E0855-7964-4A9E-9B1B-100950CBAB2B}.Debug|Any CPU.Build.0 = Debug|Any CPU
		{717E0855-7964-4A9E-9B1B-100950CBAB2B}.Release|Any CPU.ActiveCfg = Release|Any CPU
		{717E0855-7964-4A9E-9B1B-100950CBAB2B}.Release|Any CPU.Build.0 = Release|Any CPU
		{F59C0ADA-563F-432E-A434-3287DD9FEFC7}.Debug|Any CPU.ActiveCfg = Debug|Any CPU
		{F59C0ADA-563F-432E-A434-3287DD9FEFC7}.Debug|Any CPU.Build.0 = Debug|Any CPU
		{F59C0ADA-563F-432E-A434-3287DD9FEFC7}.Release|Any CPU.ActiveCfg = Release|Any CPU
		{F59C0ADA-563F-432E-A434-3287DD9FEFC7}.Release|Any CPU.Build.0 = Release|Any CPU
		{D08677F7-5996-465C-9C6F-B529D3775671}.Debug|Any CPU.ActiveCfg = Debug|Any CPU
		{D08677F7-5996-465C-9C6F-B529D3775671}.Debug|Any CPU.Build.0 = Debug|Any CPU
		{D08677F7-5996-465C-9C6F-B529D3775671}.Release|Any CPU.ActiveCfg = Release|Any CPU
		{D08677F7-5996-465C-9C6F-B529D3775671}.Release|Any CPU.Build.0 = Release|Any CPU
		{6EFF0E5E-0D15-481C-B705-5C98E196D7F2}.Debug|Any CPU.ActiveCfg = Debug|Any CPU
		{6EFF0E5E-0D15-481C-B705-5C98E196D7F2}.Debug|Any CPU.Build.0 = Debug|Any CPU
		{6EFF0E5E-0D15-481C-B705-5C98E196D7F2}.Release|Any CPU.ActiveCfg = Release|Any CPU
		{6EFF0E5E-0D15-481C-B705-5C98E196D7F2}.Release|Any CPU.Build.0 = Release|Any CPU
		{4F48F41E-9AC7-4300-9094-25B2C438E9A2}.Debug|Any CPU.ActiveCfg = Debug|Any CPU
		{4F48F41E-9AC7-4300-9094-25B2C438E9A2}.Debug|Any CPU.Build.0 = Debug|Any CPU
		{4F48F41E-9AC7-4300-9094-25B2C438E9A2}.Release|Any CPU.ActiveCfg = Release|Any CPU
		{4F48F41E-9AC7-4300-9094-25B2C438E9A2}.Release|Any CPU.Build.0 = Release|Any CPU
	EndGlobalSection
	GlobalSection(SolutionProperties) = preSolution
		HideSolutionNode = FALSE
	EndGlobalSection
EndGlobal
